
Microsoft Visual Studio Solution File, Format Version 12.00
# Visual Studio Version 17
VisualStudioVersion = 17.13.35931.197
MinimumVisualStudioVersion = 10.0.40219.1
Project("{FAE04EC0-301F-11D3-BF4B-00C04F79EFBC}") = "JsonMigration", "JsonMigration\JsonMigration.csproj", "{ACD4A853-EA7D-4BF9-B4B8-9C42E9EE3599}"
EndProject
Project("{2150E333-8FDC-42A3-9474-1A3956D46DE8}") = "solution", "solution", "{02EA681E-C7D8-13C7-8484-4AC65E1B71E8}"
	ProjectSection(SolutionItems) = preProject
		Directory.Build.props = Directory.Build.props
		.editorconfig = .editorconfig
	EndProjectSection
EndProject
Project("{FAE04EC0-301F-11D3-BF4B-00C04F79EFBC}") = "JsonMigration.Tests", "JsonMigration.Tests\JsonMigration.Tests.csproj", "{050B98EB-1330-462D-BBC6-87E209A493A4}"
EndProject
Global
	GlobalSection(SolutionConfigurationPlatforms) = preSolution
		Debug|Any CPU = Debug|Any CPU
		Release|Any CPU = Release|Any CPU
	EndGlobalSection
	GlobalSection(ProjectConfigurationPlatforms) = postSolution
		{ACD4A853-EA7D-4BF9-B4B8-9C42E9EE3599}.Debug|Any CPU.ActiveCfg = Debug|Any CPU
		{ACD4A853-EA7D-4BF9-B4B8-9C42E9EE3599}.Debug|Any CPU.Build.0 = Debug|Any CPU
		{ACD4A853-EA7D-4BF9-B4B8-9C42E9EE3599}.Release|Any CPU.ActiveCfg = Release|Any CPU
		{ACD4A853-EA7D-4BF9-B4B8-9C42E9EE3599}.Release|Any CPU.Build.0 = Release|Any CPU
		{050B98EB-1330-462D-BBC6-87E209A493A4}.Debug|Any CPU.ActiveCfg = Debug|Any CPU
		{050B98EB-1330-462D-BBC6-87E209A493A4}.Debug|Any CPU.Build.0 = Debug|Any CPU
		{050B98EB-1330-462D-BBC6-87E209A493A4}.Release|Any CPU.ActiveCfg = Release|Any CPU
		{050B98EB-1330-462D-BBC6-87E209A493A4}.Release|Any CPU.Build.0 = Release|Any CPU
	EndGlobalSection
	GlobalSection(SolutionProperties) = preSolution
		HideSolutionNode = FALSE
	EndGlobalSection
	GlobalSection(ExtensibilityGlobals) = postSolution
		SolutionGuid = {68722FBC-AEEF-4A0F-BC77-7F0E058B7C16}
	EndGlobalSection
EndGlobal
